# This file is automatically @generated by Cargo.
# It is not intended for manual editing.
version = 3

[[package]]
name = "appcity"
version = "0.1.0"
dependencies = [
 "citylib",
]

[[package]]
name = "citylib"
version = "0.1.0"
source = "git+https://github.com/matthcol/citylib#810e22364c3a53f32329bc875305ebe3d8b64729"
